
Microsoft Visual Studio Solution File, Format Version 12.00
# Visual Studio 2012
Project("{FAE04EC0-301F-11D3-BF4B-00C04F79EFBC}") = "Bender", "Bender\Bender.csproj", "{78CCF880-45DB-41EC-B380-2FAC015BC723}"
EndProject
Project("{E24C65DC-7377-472B-9ABA-BC803B73C61A}") = "Bender.Web", "Bender.Web\", "{612FD339-D6C1-45C3-8BED-4575D2C24341}"
	ProjectSection(WebsiteProperties) = preProject
		SccProjectName = ""
		SccAuxPath = ""
		SccLocalPath = ""
		SccProvider = ""
		TargetFrameworkMoniker = ".NETFramework,Version%3Dv3.5"
		ProjectReferences = "{78CCF880-45DB-41EC-B380-2FAC015BC723}|Bender.dll;"
		Debug.AspNetCompiler.VirtualPath = "/Bender.Web"
		Debug.AspNetCompiler.PhysicalPath = "Bender.Web\"
		Debug.AspNetCompiler.TargetPath = "PrecompiledWeb\Bender.Web\"
		Debug.AspNetCompiler.Updateable = "true"
		Debug.AspNetCompiler.ForceOverwrite = "true"
		Debug.AspNetCompiler.FixedNames = "false"
		Debug.AspNetCompiler.Debug = "True"
		Release.AspNetCompiler.VirtualPath = "/Bender.Web"
		Release.AspNetCompiler.PhysicalPath = "Bender.Web\"
		Release.AspNetCompiler.TargetPath = "PrecompiledWeb\Bender.Web\"
		Release.AspNetCompiler.Updateable = "true"
		Release.AspNetCompiler.ForceOverwrite = "true"
		Release.AspNetCompiler.FixedNames = "false"
		Release.AspNetCompiler.Debug = "False"
		VWDPort = "58826"
		DefaultWebSiteLanguage = "Visual C#"
		StartServerOnDebug = "false"
	EndProjectSection
EndProject
Project("{FAE04EC0-301F-11D3-BF4B-00C04F79EFBC}") = "Bender.Test", "Bender.Test\Bender.Test.csproj", "{AB838395-BD65-4CCE-9C8B-B5D3F4FD85A9}"
EndProject
Global
	GlobalSection(SolutionConfigurationPlatforms) = preSolution
		Debug|Any CPU = Debug|Any CPU
		Release|Any CPU = Release|Any CPU
	EndGlobalSection
	GlobalSection(ProjectConfigurationPlatforms) = postSolution
		{78CCF880-45DB-41EC-B380-2FAC015BC723}.Debug|Any CPU.ActiveCfg = Debug|Any CPU
		{78CCF880-45DB-41EC-B380-2FAC015BC723}.Debug|Any CPU.Build.0 = Debug|Any CPU
		{78CCF880-45DB-41EC-B380-2FAC015BC723}.Release|Any CPU.ActiveCfg = Release|Any CPU
		{78CCF880-45DB-41EC-B380-2FAC015BC723}.Release|Any CPU.Build.0 = Release|Any CPU
		{612FD339-D6C1-45C3-8BED-4575D2C24341}.Debug|Any CPU.ActiveCfg = Debug|Any CPU
		{612FD339-D6C1-45C3-8BED-4575D2C24341}.Debug|Any CPU.Build.0 = Debug|Any CPU
		{612FD339-D6C1-45C3-8BED-4575D2C24341}.Release|Any CPU.ActiveCfg = Debug|Any CPU
		{612FD339-D6C1-45C3-8BED-4575D2C24341}.Release|Any CPU.Build.0 = Debug|Any CPU
		{AB838395-BD65-4CCE-9C8B-B5D3F4FD85A9}.Debug|Any CPU.ActiveCfg = Debug|Any CPU
		{AB838395-BD65-4CCE-9C8B-B5D3F4FD85A9}.Debug|Any CPU.Build.0 = Debug|Any CPU
		{AB838395-BD65-4CCE-9C8B-B5D3F4FD85A9}.Release|Any CPU.ActiveCfg = Release|Any CPU
		{AB838395-BD65-4CCE-9C8B-B5D3F4FD85A9}.Release|Any CPU.Build.0 = Release|Any CPU
	EndGlobalSection
	GlobalSection(SolutionProperties) = preSolution
		HideSolutionNode = FALSE
	EndGlobalSection
EndGlobal
